{
  "_readme": [
    "This file locks the dependencies of your project to a known state",
    "Read more about it at https://getcomposer.org/doc/01-basic-usage.md#installing-dependencies",
    "This file is @generated automatically"
  ],
  "content-hash": "ec49f472295e7cec4092ae2fc030f963",
  "packages": [],
  "packages-dev": [],
  "aliases": [],
  "minimum-stability": "stable",
  "stability-flags": [],
  "prefer-stable": false,
  "prefer-lowest": false,
  "platform": {
    "php": ">=8.2",
    "ext-sockets": "*",
    "ext-pcntl": "*",
    "ext-posix": "*"
  },
  "platform-dev": [],
  "plugin-api-version": "2.6.0"
}
